Microsoft Visual Studio Solution File, Format Version 12.00
# Visual Studio Version 17
VisualStudioVersion = 17.5.2.0
MinimumVisualStudioVersion = 10.0.40219.1
Project("{2150E333-8FDC-42A3-9474-1A3956D46DE8}") = "12", "12", "{8E546C1F-B761-C9BA-A18F-7677E224EB7B}"
EndProject
Project("{FAE04EC0-301F-11D3-BF4B-00C04F79EFBC}") = "Webhook_demo", "12\Webhook_demo\Webhook_demo.csproj", "{34CF87EF-0822-5758-2AAC-76D9A0207DE8}"
EndProject
Global
	GlobalSection(SolutionConfigurationPlatforms) = preSolution
		Debug|Any CPU = Debug|Any CPU
		Release|Any CPU = Release|Any CPU
	EndGlobalSection
	GlobalSection(ProjectConfigurationPlatforms) = postSolution
		{34CF87EF-0822-5758-2AAC-76D9A0207DE8}.Debug|Any CPU.ActiveCfg = Debug|Any CPU
		{34CF87EF-0822-5758-2AAC-76D9A0207DE8}.Debug|Any CPU.Build.0 = Debug|Any CPU
		{34CF87EF-0822-5758-2AAC-76D9A0207DE8}.Release|Any CPU.ActiveCfg = Release|Any CPU
		{34CF87EF-0822-5758-2AAC-76D9A0207DE8}.Release|Any CPU.Build.0 = Release|Any CPU
	EndGlobalSection
	GlobalSection(SolutionProperties) = preSolution
		HideSolutionNode = FALSE
	EndGlobalSection
	GlobalSection(NestedProjects) = preSolution
		{34CF87EF-0822-5758-2AAC-76D9A0207DE8} = {8E546C1F-B761-C9BA-A18F-7677E224EB7B}
	EndGlobalSection
	GlobalSection(ExtensibilityGlobals) = postSolution
		SolutionGuid = {60014510-17BA-4825-9B56-E944CDF86A28}
	EndGlobalSection
EndGlobal
